<?xml version="1.0" encoding="UTF-8" standalone="yes" ?>
<CodeBlocks_project_file>
	<FileVersion major="1" minor="6" />
	<Project>
		<Option title="Trabalho1" />
		<Option pch_mode="2" />
		<Option compiler="gcc" />
		<Build>
			<Target title="Debug">
				<Option output="bin/Debug/Trabalho1" prefix_auto="1" extension_auto="1" />
				<Option object_output="obj/Debug/" />
				<Option type="1" />
				<Option compiler="gcc" />
				<Compiler>
					<Add option="-g" />
				</Compiler>
			</Target>
			<Target title="Release">
				<Option output="bin/Release/Trabalho1" prefix_auto="1" extension_auto="1" />
				<Option object_output="obj/Release/" />
				<Option type="1" />
				<Option compiler="gcc" />
				<Compiler>
					<Add option="-O2" />
				</Compiler>
				<Linker>
					<Add option="-s" />
				</Linker>
			</Target>
		</Build>
		<Compiler>
			<Add option="-Wall" />
		</Compiler>
		<Unit filename="headers/dominios/Capacidade.h" />
		<Unit filename="headers/dominios/Cargo.h" />
		<Unit filename="headers/dominios/Classificacao.h" />
		<Unit filename="headers/dominios/Codigo.h" />
		<Unit filename="headers/dominios/Data.h" />
		<Unit filename="headers/dominios/Email.h" />
		<Unit filename="headers/dominios/Horario.h" />
		<Unit filename="headers/dominios/Matricula.h" />
		<Unit filename="headers/dominios/Nome.h" />
		<Unit filename="headers/dominios/Senha.h" />
		<Unit filename="headers/dominios/Telefone.h" />
		<Unit filename="headers/dominios/Tipo.h" />
		<Unit filename="headers/entidades/Participante.h" />
		<Unit filename="headers/entidades/Peca.h" />
		<Unit filename="headers/entidades/Sala.h" />
		<Unit filename="headers/entidades/Sessao.h" />
		<Unit filename="headers/testes_dominios/TUCapacidade.h" />
		<Unit filename="headers/testes_dominios/TUCargo.h" />
		<Unit filename="headers/testes_dominios/TUClassificacao.h" />
		<Unit filename="headers/testes_dominios/TUCodigo.h" />
		<Unit filename="headers/testes_dominios/TUData.h" />
		<Unit filename="headers/testes_dominios/TUEmail.h" />
		<Unit filename="headers/testes_dominios/TUHorario.h" />
		<Unit filename="headers/testes_dominios/TUMatricula.h" />
		<Unit filename="headers/testes_dominios/TUNome.h" />
		<Unit filename="headers/testes_dominios/TUSenha.h" />
		<Unit filename="headers/testes_dominios/TUTelefone.h" />
		<Unit filename="headers/testes_dominios/TUTipo.h" />
		<Unit filename="src/dominios/Capacidade.cpp" />
		<Unit filename="src/dominios/Cargo.cpp" />
		<Unit filename="src/dominios/Classificacao.cpp" />
		<Unit filename="src/dominios/Codigo.cpp" />
		<Unit filename="src/dominios/Data.cpp" />
		<Unit filename="src/dominios/Email.cpp" />
		<Unit filename="src/dominios/Horario.cpp" />
		<Unit filename="src/dominios/Matricula.cpp" />
		<Unit filename="src/dominios/Nome.cpp" />
		<Unit filename="src/dominios/Senha.cpp" />
		<Unit filename="src/dominios/Telefone.cpp" />
		<Unit filename="src/dominios/Tipo.cpp" />
		<Unit filename="src/entidades/Participante.cpp" />
		<Unit filename="src/entidades/Peca.cpp" />
		<Unit filename="src/entidades/Sala.cpp" />
		<Unit filename="src/entidades/Sessao.cpp" />
		<Unit filename="src/main.cpp" />
		<Unit filename="src/testes_dominios/TUCapacidade.cpp" />
		<Unit filename="src/testes_dominios/TUCargo.cpp" />
		<Unit filename="src/testes_dominios/TUClassificacao.cpp" />
		<Unit filename="src/testes_dominios/TUCodigo.cpp" />
		<Unit filename="src/testes_dominios/TUData.cpp" />
		<Unit filename="src/testes_dominios/TUEmail.cpp" />
		<Unit filename="src/testes_dominios/TUHorario.cpp" />
		<Unit filename="src/testes_dominios/TUMatricula.cpp" />
		<Unit filename="src/testes_dominios/TUNome.cpp" />
		<Unit filename="src/testes_dominios/TUSenha.cpp" />
		<Unit filename="src/testes_dominios/TUTelefone.cpp" />
		<Unit filename="src/testes_dominios/TUTipo.cpp" />
		<Extensions>
			<DoxyBlocks>
				<comment_style block="2" line="2" />
				<doxyfile_project />
				<doxyfile_build />
				<doxyfile_warnings />
				<doxyfile_output />
				<doxyfile_dot />
				<general />
			</DoxyBlocks>
			<lib_finder disable_auto="1" />
		</Extensions>
	</Project>
</CodeBlocks_project_file>
